
Microsoft Visual Studio Solution File, Format Version 12.00
# Visual Studio Version 17
VisualStudioVersion = 17.5.002.0
MinimumVisualStudioVersion = 10.0.40219.1
Project("{9A19103F-16F7-4668-BE54-9A1E7A4F7556}") = "RastreamentoWorkshop", "RastreamentoWorkshop\RastreamentoWorkshop.csproj", "{B1932428-B42F-4677-83D2-288030B18F0B}"
EndProject
Global
	GlobalSection(SolutionConfigurationPlatforms) = preSolution
		Debug|Any CPU = Debug|Any CPU
		Release|Any CPU = Release|Any CPU
	EndGlobalSection
	GlobalSection(ProjectConfigurationPlatforms) = postSolution
		{B1932428-B42F-4677-83D2-288030B18F0B}.Debug|Any CPU.ActiveCfg = Debug|Any CPU
		{B1932428-B42F-4677-83D2-288030B18F0B}.Debug|Any CPU.Build.0 = Debug|Any CPU
		{B1932428-B42F-4677-83D2-288030B18F0B}.Release|Any CPU.ActiveCfg = Release|Any CPU
		{B1932428-B42F-4677-83D2-288030B18F0B}.Release|Any CPU.Build.0 = Release|Any CPU
	EndGlobalSection
	GlobalSection(SolutionProperties) = preSolution
		HideSolutionNode = FALSE
	EndGlobalSection
	GlobalSection(ExtensibilityGlobals) = postSolution
		SolutionGuid = {9495F802-6B1C-4632-B1F2-B0F6773E9AF6}
	EndGlobalSection
EndGlobal
